
Microsoft Visual Studio Solution File, Format Version 12.00
# Visual Studio Version 16
VisualStudioVersion = 16.0.33423.256
MinimumVisualStudioVersion = 10.0.40219.1
Project("{FAE04EC0-301F-11D3-BF4B-00C04F79EFBC}") = "selfAssessment", "selfAssessment\selfAssessment.csproj", "{F378738C-F870-4E61-947C-AFA4D3108125}"
EndProject
Global
	GlobalSection(SolutionConfigurationPlatforms) = preSolution
		Debug|Any CPU = Debug|Any CPU
		Release|Any CPU = Release|Any CPU
	EndGlobalSection
	GlobalSection(ProjectConfigurationPlatforms) = postSolution
		{F378738C-F870-4E61-947C-AFA4D3108125}.Debug|Any CPU.ActiveCfg = Debug|Any CPU
		{F378738C-F870-4E61-947C-AFA4D3108125}.Debug|Any CPU.Build.0 = Debug|Any CPU
		{F378738C-F870-4E61-947C-AFA4D3108125}.Release|Any CPU.ActiveCfg = Release|Any CPU
		{F378738C-F870-4E61-947C-AFA4D3108125}.Release|Any CPU.Build.0 = Release|Any CPU
	EndGlobalSection
	GlobalSection(SolutionProperties) = preSolution
		HideSolutionNode = FALSE
	EndGlobalSection
	GlobalSection(ExtensibilityGlobals) = postSolution
		SolutionGuid = {5D96654F-CF2E-49D6-B595-C0018CE9145C}
	EndGlobalSection
EndGlobal
